lockfileVersion: 5.4

specifiers:
  xmldsigjs: ^2.5.0

dependencies:
  xmldsigjs: 2.5.0

packages:

  /@xmldom/xmldom/0.8.6:
    resolution: {integrity: sha512-uRjjusqpoqfmRkTaNuLJ2VohVr67Q5YwDATW3VU7PfzTj6IRaihGrYI7zckGZjxQPBIp63nfvJbM+Yu5ICh0Bg==}
    engines: {node: '>=10.0.0'}
    dev: false

  /asn1js/2.4.0:
    resolution: {integrity: sha512-PvZC0FMyMut8aOnR2jAEGSkmRtHIUYPe9amUEnGjr9TdnUmsfoOkjrvUkOEU9mzpYBR1HyO9bF+8U1cLTMMHhQ==}
    engines: {node: '>=6.0.0'}
    dependencies:
      pvutils: 1.1.3
    dev: false

  /asn1js/3.0.5:
    resolution: {integrity: sha512-FVnvrKJwpt9LP2lAMl8qZswRNm3T4q9CON+bxldk2iwk3FFpuwhx2FfinyitizWHsVYyaY+y5JzDR0rCMV5yTQ==}
    engines: {node: '>=12.0.0'}
    dependencies:
      pvtsutils: 1.3.2
      pvutils: 1.1.3
      tslib: 2.4.1
    dev: false

  /bytestreamjs/1.1.3:
    resolution: {integrity: sha512-JDGoiJ+yt+4Ui1e/vMWx5TRvmnErBBbsOkprXgbe1fRp2XZzI8MoknoiR/ZVCya9aWJbOhrJ5Heon1wrAdftkg==}
    engines: {node: '>=6.0.0'}
    dev: false

  /pkijs/2.4.0:
    resolution: {integrity: sha512-cjJP/mYuGyMrjJ49jI04khId5Oufd3nFTUYBzQTIIVNI7/oAWdwXEfpwTF8HELFV/gz+WGYUBHCe3KHWD8rYvg==}
    engines: {node: '>=6.0.0'}
    dependencies:
      asn1js: 3.0.5
      bytestreamjs: 1.1.3
      pvutils: 1.1.3
    dev: false

  /pvtsutils/1.3.2:
    resolution: {integrity: sha512-+Ipe2iNUyrZz+8K/2IOo+kKikdtfhRKzNpQbruF2URmqPtoqAs8g3xS7TJvFF2GcPXjh7DkqMnpVveRFq4PgEQ==}
    dependencies:
      tslib: 2.4.1
    dev: false

  /pvutils/1.1.3:
    resolution: {integrity: sha512-pMpnA0qRdFp32b1sJl1wOJNxZLQ2cbQx+k6tjNtZ8CpvVhNqEPRgivZ2WOUev2YMajecdH7ctUPDvEe87nariQ==}
    engines: {node: '>=6.0.0'}
    dev: false

  /tslib/2.4.1:
    resolution: {integrity: sha512-tGyy4dAjRIEwI7BzsB0lynWgOpfqjUdq91XXAlIWD2OwKBH7oCl/GZG/HT4BOHrTlPMOASlMQ7veyTqpmRcrNA==}
    dev: false

  /xml-core/1.1.5:
    resolution: {integrity: sha512-6pZbMgvvtSxXSLmWkUPgFi274oljUHCBKm9GS4ySCXhXCODbJwB8e/UHHzbnnm4X1vVWMfXcip2vrLxN6KSbMw==}
    dependencies:
      '@xmldom/xmldom': 0.8.6
      tslib: 2.4.1
      xpath.js: 1.1.0
    dev: false

  /xmldsigjs/2.5.0:
    resolution: {integrity: sha512-1qh8+QCZk1zsL9yed3YD34vYGuFBDRowBlVPAiUAT9RRzjtSFRa28+wca+8AuLvFAzXEvvoRSS8A6zS3dpZEyw==}
    dependencies:
      asn1js: 2.4.0
      pkijs: 2.4.0
      pvtsutils: 1.3.2
      pvutils: 1.1.3
      tslib: 2.4.1
      xml-core: 1.1.5
      xpath: 0.0.32
    dev: false

  /xpath.js/1.1.0:
    resolution: {integrity: sha512-jg+qkfS4K8E7965sqaUl8mRngXiKb3WZGfONgE18pr03FUQiuSV6G+Ej4tS55B+rIQSFEIw3phdVAQ4pPqNWfQ==}
    engines: {node: '>=0.4.0'}
    dev: false

  /xpath/0.0.32:
    resolution: {integrity: sha512-rxMJhSIoiO8vXcWvSifKqhvV96GjiD5wYb8/QHdoRyQvraTpp4IEv944nhGausZZ3u7dhQXteZuZbaqfpB7uYw==}
    engines: {node: '>=0.6.0'}
    dev: false
